
Microsoft Visual Studio Solution File, Format Version 12.00
# Visual Studio Version 16
VisualStudioVersion = 16.0.30114.105
MinimumVisualStudioVersion = 10.0.40219.1
Project("{FAE04EC0-301F-11D3-BF4B-00C04F79EFBC}") = "Exaspher.WxPayFrame.Core", "Exaspher.WxPayFrame.Core\Exaspher.WxPayFrame.Core.csproj", "{BD3EA131-E4D0-4099-9C04-4CFCC823A71F}"
EndProject
Project("{FAE04EC0-301F-11D3-BF4B-00C04F79EFBC}") = "Exaspher.WxPayFrame.Web", "Exaspher.WxPayFrame.Web\Exaspher.WxPayFrame.Web.csproj", "{D97FEB27-00C3-49A0-88FD-B537E02DFE32}"
EndProject
Global
	GlobalSection(SolutionConfigurationPlatforms) = preSolution
		Debug|Any CPU = Debug|Any CPU
		Release|Any CPU = Release|Any CPU
	EndGlobalSection
	GlobalSection(ProjectConfigurationPlatforms) = postSolution
		{BD3EA131-E4D0-4099-9C04-4CFCC823A71F}.Debug|Any CPU.ActiveCfg = Debug|Any CPU
		{BD3EA131-E4D0-4099-9C04-4CFCC823A71F}.Debug|Any CPU.Build.0 = Debug|Any CPU
		{BD3EA131-E4D0-4099-9C04-4CFCC823A71F}.Release|Any CPU.ActiveCfg = Release|Any CPU
		{BD3EA131-E4D0-4099-9C04-4CFCC823A71F}.Release|Any CPU.Build.0 = Release|Any CPU
		{D97FEB27-00C3-49A0-88FD-B537E02DFE32}.Debug|Any CPU.ActiveCfg = Debug|Any CPU
		{D97FEB27-00C3-49A0-88FD-B537E02DFE32}.Debug|Any CPU.Build.0 = Debug|Any CPU
		{D97FEB27-00C3-49A0-88FD-B537E02DFE32}.Release|Any CPU.ActiveCfg = Release|Any CPU
		{D97FEB27-00C3-49A0-88FD-B537E02DFE32}.Release|Any CPU.Build.0 = Release|Any CPU
	EndGlobalSection
	GlobalSection(SolutionProperties) = preSolution
		HideSolutionNode = FALSE
	EndGlobalSection
	GlobalSection(ExtensibilityGlobals) = postSolution
		SolutionGuid = {430DB454-A5E1-4E23-9AD1-CC76FBF086BE}
	EndGlobalSection
EndGlobal
